
Microsoft Visual Studio Solution File, Format Version 12.00
# Visual Studio Version 17
VisualStudioVersion = 17.3.32929.385
MinimumVisualStudioVersion = 10.0.40219.1
Project("{9A19103F-16F7-4668-BE54-9A1E7A4F7556}") = "cw1_0851_proxy", "cw1_0851_proxy.csproj", "{48D3F4B7-9630-43F0-AFC3-BEA29B70D9D9}"
EndProject
Project("{E53339B2-1760-4266-BCC7-CA923CBCF16C}") = "docker-compose", "docker-compose.dcproj", "{0E9574B8-0019-4A63-B9AE-56F00713D7A3}"
EndProject
Global
	GlobalSection(SolutionConfigurationPlatforms) = preSolution
		Debug|Any CPU = Debug|Any CPU
		Release|Any CPU = Release|Any CPU
	EndGlobalSection
	GlobalSection(ProjectConfigurationPlatforms) = postSolution
		{48D3F4B7-9630-43F0-AFC3-BEA29B70D9D9}.Debug|Any CPU.ActiveCfg = Debug|Any CPU
		{48D3F4B7-9630-43F0-AFC3-BEA29B70D9D9}.Debug|Any CPU.Build.0 = Debug|Any CPU
		{48D3F4B7-9630-43F0-AFC3-BEA29B70D9D9}.Release|Any CPU.ActiveCfg = Release|Any CPU
		{48D3F4B7-9630-43F0-AFC3-BEA29B70D9D9}.Release|Any CPU.Build.0 = Release|Any CPU
		{0E9574B8-0019-4A63-B9AE-56F00713D7A3}.Debug|Any CPU.ActiveCfg = Debug|Any CPU
		{0E9574B8-0019-4A63-B9AE-56F00713D7A3}.Debug|Any CPU.Build.0 = Debug|Any CPU
		{0E9574B8-0019-4A63-B9AE-56F00713D7A3}.Release|Any CPU.ActiveCfg = Release|Any CPU
		{0E9574B8-0019-4A63-B9AE-56F00713D7A3}.Release|Any CPU.Build.0 = Release|Any CPU
	EndGlobalSection
	GlobalSection(SolutionProperties) = preSolution
		HideSolutionNode = FALSE
	EndGlobalSection
	GlobalSection(ExtensibilityGlobals) = postSolution
		SolutionGuid = {8764344E-9A34-4E46-83DB-068197B57C8A}
	EndGlobalSection
EndGlobal
